
Microsoft Visual Studio Solution File, Format Version 12.00
# Visual Studio Version 16
VisualStudioVersion = 16.0.29324.140
MinimumVisualStudioVersion = 10.0.40219.1
Project("{9A19103F-16F7-4668-BE54-9A1E7A4F7556}") = "BlazorErp.Server", "BlazorErp\Server\BlazorErp.Server.csproj", "{8C060FF1-5C98-40A8-A7FF-B096B6C6F899}"
EndProject
Project("{9A19103F-16F7-4668-BE54-9A1E7A4F7556}") = "BlazorErp.Client", "BlazorErp\Client\BlazorErp.Client.csproj", "{B82C8AD9-E6E7-4B3F-A9CA-40152A0BFD67}"
EndProject
Project("{9A19103F-16F7-4668-BE54-9A1E7A4F7556}") = "BlazorErp.Shared", "BlazorErp\Shared\BlazorErp.Shared.csproj", "{0B1F8E09-3342-41DD-B3DC-776089D21D9F}"
EndProject
Project("{9A19103F-16F7-4668-BE54-9A1E7A4F7556}") = "BlazorErp.Identity", "BlazorErp\Identity\BlazorErp.Identity.csproj", "{F92FAC02-FAF6-44DE-BE77-34F095133584}"
EndProject
Project("{9A19103F-16F7-4668-BE54-9A1E7A4F7556}") = "BlazorErp.Entities", "BlazorErp\Entities\BlazorErp.Entities.csproj", "{9B1990BF-58DC-4306-8A03-785392350CF4}"
EndProject
Global
	GlobalSection(SolutionConfigurationPlatforms) = preSolution
		Debug|Any CPU = Debug|Any CPU
		Release|Any CPU = Release|Any CPU
	EndGlobalSection
	GlobalSection(ProjectConfigurationPlatforms) = postSolution
		{8C060FF1-5C98-40A8-A7FF-B096B6C6F899}.Debug|Any CPU.ActiveCfg = Debug|Any CPU
		{8C060FF1-5C98-40A8-A7FF-B096B6C6F899}.Debug|Any CPU.Build.0 = Debug|Any CPU
		{8C060FF1-5C98-40A8-A7FF-B096B6C6F899}.Release|Any CPU.ActiveCfg = Release|Any CPU
		{8C060FF1-5C98-40A8-A7FF-B096B6C6F899}.Release|Any CPU.Build.0 = Release|Any CPU
		{B82C8AD9-E6E7-4B3F-A9CA-40152A0BFD67}.Debug|Any CPU.ActiveCfg = Debug|Any CPU
		{B82C8AD9-E6E7-4B3F-A9CA-40152A0BFD67}.Debug|Any CPU.Build.0 = Debug|Any CPU
		{B82C8AD9-E6E7-4B3F-A9CA-40152A0BFD67}.Release|Any CPU.ActiveCfg = Release|Any CPU
		{B82C8AD9-E6E7-4B3F-A9CA-40152A0BFD67}.Release|Any CPU.Build.0 = Release|Any CPU
		{0B1F8E09-3342-41DD-B3DC-776089D21D9F}.Debug|Any CPU.ActiveCfg = Debug|Any CPU
		{0B1F8E09-3342-41DD-B3DC-776089D21D9F}.Debug|Any CPU.Build.0 = Debug|Any CPU
		{0B1F8E09-3342-41DD-B3DC-776089D21D9F}.Release|Any CPU.ActiveCfg = Release|Any CPU
		{0B1F8E09-3342-41DD-B3DC-776089D21D9F}.Release|Any CPU.Build.0 = Release|Any CPU
		{F92FAC02-FAF6-44DE-BE77-34F095133584}.Debug|Any CPU.ActiveCfg = Debug|Any CPU
		{F92FAC02-FAF6-44DE-BE77-34F095133584}.Debug|Any CPU.Build.0 = Debug|Any CPU
		{F92FAC02-FAF6-44DE-BE77-34F095133584}.Release|Any CPU.ActiveCfg = Release|Any CPU
		{F92FAC02-FAF6-44DE-BE77-34F095133584}.Release|Any CPU.Build.0 = Release|Any CPU
		{9B1990BF-58DC-4306-8A03-785392350CF4}.Debug|Any CPU.ActiveCfg = Debug|Any CPU
		{9B1990BF-58DC-4306-8A03-785392350CF4}.Debug|Any CPU.Build.0 = Debug|Any CPU
		{9B1990BF-58DC-4306-8A03-785392350CF4}.Release|Any CPU.ActiveCfg = Release|Any CPU
		{9B1990BF-58DC-4306-8A03-785392350CF4}.Release|Any CPU.Build.0 = Release|Any CPU
	EndGlobalSection
	GlobalSection(SolutionProperties) = preSolution
		HideSolutionNode = FALSE
	EndGlobalSection
	GlobalSection(ExtensibilityGlobals) = postSolution
		SolutionGuid = {6FCA0E03-F689-4F17-8249-01B278DD6112}
	EndGlobalSection
EndGlobal
